
Microsoft Visual Studio Solution File, Format Version 12.00
# Visual Studio Version 16
VisualStudioVersion = 16.0.30114.105
MinimumVisualStudioVersion = 10.0.40219.1
Project("{FAE04EC0-301F-11D3-BF4B-00C04F79EFBC}") = "solution", "solution\solution.csproj", "{B7908ED5-EB8E-435D-AA01-E6A8D17D99E3}"
EndProject
Global
	GlobalSection(SolutionConfigurationPlatforms) = preSolution
		Debug|Any CPU = Debug|Any CPU
		Release|Any CPU = Release|Any CPU
	EndGlobalSection
	GlobalSection(SolutionProperties) = preSolution
		HideSolutionNode = FALSE
	EndGlobalSection
	GlobalSection(ProjectConfigurationPlatforms) = postSolution
		{B7908ED5-EB8E-435D-AA01-E6A8D17D99E3}.Debug|Any CPU.ActiveCfg = Debug|Any CPU
		{B7908ED5-EB8E-435D-AA01-E6A8D17D99E3}.Debug|Any CPU.Build.0 = Debug|Any CPU
		{B7908ED5-EB8E-435D-AA01-E6A8D17D99E3}.Release|Any CPU.ActiveCfg = Release|Any CPU
		{B7908ED5-EB8E-435D-AA01-E6A8D17D99E3}.Release|Any CPU.Build.0 = Release|Any CPU
	EndGlobalSection
EndGlobal
